// !$*UTF8*$!
{
	archiveVersion = 1;
	classes = {
	};
	objectVersion = 50;
	objects = {

/* Begin PBXBuildFile section */
		8A5621212315EB8000B52E60 /* AppDelegate.swift in Sources */ = {isa = PBXBuildFile; fileRef = 8A5621202315EB8000B52E60 /* AppDelegate.swift */; };
		8A5621232315EB8000B52E60 /* ViewController.swift in Sources */ = {isa = PBXBuildFile; fileRef = 8A5621222315EB8000B52E60 /* ViewController.swift */; };
		8A5621262315EB8000B52E60 /* Main.storyboard in Resources */ = {isa = PBXBuildFile; fileRef = 8A5621242315EB8000B52E60 /* Main.storyboard */; };
		8A5621292315EB8000B52E60 /* ApIApp.xcdatamodeld in Sources */ = {isa = PBXBuildFile; fileRef = 8A5621272315EB8000B52E60 /* ApIApp.xcdatamodeld */; };
		8A56212B2315EB8100B52E60 /* Assets.xcassets in Resources */ = {isa = PBXBuildFile; fileRef = 8A56212A2315EB8100B52E60 /* Assets.xcassets */; };
		8A56212E2315EB8100B52E60 /* LaunchScreen.storyboard in Resources */ = {isa = PBXBuildFile; fileRef = 8A56212C2315EB8100B52E60 /* LaunchScreen.storyboard */; };
		8A5621392315EB8100B52E60 /* ApIAppTests.swift in Sources */ = {isa = PBXBuildFile; fileRef = 8A5621382315EB8100B52E60 /* ApIAppTests.swift */; };
		8A5621442315EB8100B52E60 /* ApIAppUITests.swift in Sources */ = {isa = PBXBuildFile; fileRef = 8A5621432315EB8100B52E60 /* ApIAppUITests.swift */; };
/* End PBXBuildFile section */

/* Begin PBXContainerItemProxy section */
		8A5621352315EB8100B52E60 /* PBXContainerItemProxy */ = {
			isa = PBXContainerItemProxy;
			containerPortal = 8A5621152315EB8000B52E60 /* Project object */;
			proxyType = 1;
			remoteGlobalIDString = 8A56211C2315EB8000B52E60;
			remoteInfo = ApIApp;
		};
		8A5621402315EB8100B52E60 /* PBXContainerItemProxy */ = {
			isa = PBXContainerItemProxy;
			containerPortal = 8A5621152315EB8000B52E60 /* Project object */;
			proxyType = 1;
			remoteGlobalIDString = 8A56211C2315EB8000B52E60;
			remoteInfo = ApIApp;
		};
/* End PBXContainerItemProxy section */

/* Begin PBXFileReference section */
		8A56211D2315EB8000B52E60 /* ApIApp.app */ = {isa = PBXFileReference; explicitFileType = wrapper.application; includeInIndex = 0; path = ApIApp.app; sourceTree = BUILT_PRODUCTS_DIR; };
		8A5621202315EB8000B52E60 /* AppDelegate.swift */ = {isa = PBXFileReference; lastKnownFileType = sourcecode.swift; path = AppDelegate.swift; sourceTree = "<group>"; };
		8A5621222315EB8000B52E60 /* ViewController.swift */ = {isa = PBXFileReference; lastKnownFileType = sourcecode.swift; path = ViewController.swift; sourceTree = "<group>"; };
		8A5621252315EB8000B52E60 /* Base */ = {isa = PBXFileReference; lastKnownFileType = file.storyboard; name = Base; path = Base.lproj/Main.storyboard; sourceTree = "<group>"; };
		8A5621282315EB8000B52E60 /* ApIApp.xcdatamodel */ = {isa = PBXFileReference; lastKnownFileType = wrapper.xcdatamodel; path = ApIApp.xcdatamodel; sourceTree = "<group>"; };
		8A56212A2315EB8100B52E60 /* Assets.xcassets */ = {isa = PBXFileReference; lastKnownFileType = folder.assetcatalog; path = Assets.xcassets; sourceTree = "<group>"; };
		8A56212D2315EB8100B52E60 /* Base */ = {isa = PBXFileReference; lastKnownFileType = file.storyboard; name = Base; path = Base.lproj/LaunchScreen.storyboard; sourceTree = "<group>"; };
		8A56212F2315EB8100B52E60 /* Info.plist */ = {isa = PBXFileReference; lastKnownFileType = text.plist.xml; path = Info.plist; sourceTree = "<group>"; };
		8A5621342315EB8100B52E60 /* ApIAppTests.xctest */ = {isa = PBXFileReference; explicitFileType = wrapper.cfbundle; includeInIndex = 0; path = ApIAppTests.xctest; sourceTree = BUILT_PRODUCTS_DIR; };
		8A5621382315EB8100B52E60 /* ApIAppTests.swift */ = {isa = PBXFileReference; lastKnownFileType = sourcecode.swift; path = ApIAppTests.swift; sourceTree = "<group>"; };
		8A56213A2315EB8100B52E60 /* Info.plist */ = {isa = PBXFileReference; lastKnownFileType = text.plist.xml; path = Info.plist; sourceTree = "<group>"; };
		8A56213F2315EB8100B52E60 /* ApIAppUITests.xctest */ = {isa = PBXFileReference; explicitFileType = wrapper.cfbundle; includeInIndex = 0; path = ApIAppUITests.xctest; sourceTree = BUILT_PRODUCTS_DIR; };
		8A5621432315EB8100B52E60 /* ApIAppUITests.swift */ = {isa = PBXFileReference; lastKnownFileType = sourcecode.swift; path = ApIAppUITests.swift; sourceTree = "<group>"; };
		8A5621452315EB8100B52E60 /* Info.plist */ = {isa = PBXFileReference; lastKnownFileType = text.plist.xml; path = Info.plist; sourceTree = "<group>"; };
/* End PBXFileReference section */

/* Begin PBXFrameworksBuildPhase section */
		8A56211A2315EB8000B52E60 /* Frameworks */ = {
			isa = PBXFrameworksBuildPhase;
			buildActionMask = 2147483647;
			files = (
			);
			runOnlyForDeploymentPostprocessing = 0;
		};
		8A5621312315EB8100B52E60 /* Frameworks */ = {
			isa = PBXFrameworksBuildPhase;
			buildActionMask = 2147483647;
			files = (
			);
			runOnlyForDeploymentPostprocessing = 0;
		};
		8A56213C2315EB8100B52E60 /* Frameworks */ = {
			isa = PBXFrameworksBuildPhase;
			buildActionMask = 2147483647;
			files = (
			);
			runOnlyForDeploymentPostprocessing = 0;
		};
/* End PBXFrameworksBuildPhase section */

/* Begin PBXGroup section */
		8A5621142315EB8000B52E60 = {
			isa = PBXGroup;
			children = (
				8A56211F2315EB8000B52E60 /* ApIApp */,
				8A5621372315EB8100B52E60 /* ApIAppTests */,
				8A5621422315EB8100B52E60 /* ApIAppUITests */,
				8A56211E2315EB8000B52E60 /* Products */,
			);
			sourceTree = "<group>";
		};
		8A56211E2315EB8000B52E60 /* Products */ = {
			isa = PBXGroup;
			children = (
				8A56211D2315EB8000B52E60 /* ApIApp.app */,
				8A5621342315EB8100B52E60 /* ApIAppTests.xctest */,
				8A56213F2315EB8100B52E60 /* ApIAppUITests.xctest */,
			);
			name = Products;
			sourceTree = "<group>";
		};
		8A56211F2315EB8000B52E60 /* ApIApp */ = {
			isa = PBXGroup;
			children = (
				8A5621202315EB8000B52E60 /* AppDelegate.swift */,
				8A5621222315EB8000B52E60 /* ViewController.swift */,
				8A5621242315EB8000B52E60 /* Main.storyboard */,
				8A56212A2315EB8100B52E60 /* Assets.xcassets */,
				8A56212C2315EB8100B52E60 /* LaunchScreen.storyboard */,
				8A56212F2315EB8100B52E60 /* Info.plist */,
				8A5621272315EB8000B52E60 /* ApIApp.xcdatamodeld */,
			);
			path = ApIApp;
			sourceTree = "<group>";
		};
		8A5621372315EB8100B52E60 /* ApIAppTests */ = {
			isa = PBXGroup;
			children = (
				8A5621382315EB8100B52E60 /* ApIAppTests.swift */,
				8A56213A2315EB8100B52E60 /* Info.plist */,
			);
			path = ApIAppTests;
			sourceTree = "<group>";
		};
		8A5621422315EB8100B52E60 /* ApIAppUITests */ = {
			isa = PBXGroup;
			children = (
				8A5621432315EB8100B52E60 /* ApIAppUITests.swift */,
				8A5621452315EB8100B52E60 /* Info.plist */,
			);
			path = ApIAppUITests;
			sourceTree = "<group>";
		};
/* End PBXGroup section */

/* Begin PBXNativeTarget section */
		8A56211C2315EB8000B52E60 /* ApIApp */ = {
			isa = PBXNativeTarget;
			buildConfigurationList = 8A5621482315EB8100B52E60 /* Build configuration list for PBXNativeTarget "ApIApp" */;
			buildPhases = (
				8A5621192315EB8000B52E60 /* Sources */,
				8A56211A2315EB8000B52E60 /* Frameworks */,
				8A56211B2315EB8000B52E60 /* Resources */,
			);
			buildRules = (
			);
			dependencies = (
			);
			name = ApIApp;
			productName = ApIApp;
			productReference = 8A56211D2315EB8000B52E60 /* ApIApp.app */;
			productType = "com.apple.product-type.application";
		};
		8A5621332315EB8100B52E60 /* ApIAppTests */ = {
			isa = PBXNativeTarget;
			buildConfigurationList = 8A56214B2315EB8100B52E60 /* Build configuration list for PBXNativeTarget "ApIAppTests" */;
			buildPhases = (
				8A5621302315EB8100B52E60 /* Sources */,
				8A5621312315EB8100B52E60 /* Frameworks */,
				8A5621322315EB8100B52E60 /* Resources */,
			);
			buildRules = (
			);
			dependencies = (
				8A5621362315EB8100B52E60 /* PBXTargetDependency */,
			);
			name = ApIAppTests;
			productName = ApIAppTests;
			productReference = 8A5621342315EB8100B52E60 /* ApIAppTests.xctest */;
			productType = "com.apple.product-type.bundle.unit-test";
		};
		8A56213E2315EB8100B52E60 /* ApIAppUITests */ = {
			isa = PBXNativeTarget;
			buildConfigurationList = 8A56214E2315EB8100B52E60 /* Build configuration list for PBXNativeTarget "ApIAppUITests" */;
			buildPhases = (
				8A56213B2315EB8100B52E60 /* Sources */,
				8A56213C2315EB8100B52E60 /* Frameworks */,
				8A56213D2315EB8100B52E60 /* Resources */,
			);
			buildRules = (
			);
			dependencies = (
				8A5621412315EB8100B52E60 /* PBXTargetDependency */,
			);
			name = ApIAppUITests;
			productName = ApIAppUITests;
			productReference = 8A56213F2315EB8100B52E60 /* ApIAppUITests.xctest */;
			productType = "com.apple.product-type.bundle.ui-testing";
		};
/* End PBXNativeTarget section */

/* Begin PBXProject section */
		8A5621152315EB8000B52E60 /* Project object */ = {
			isa = PBXProject;
			attributes = {
				LastSwiftUpdateCheck = 1020;
				LastUpgradeCheck = 1020;
				ORGANIZATIONNAME = edu.data;
				TargetAttributes = {
					8A56211C2315EB8000B52E60 = {
						CreatedOnToolsVersion = 10.2.1;
					};
					8A5621332315EB8100B52E60 = {
						CreatedOnToolsVersion = 10.2.1;
						TestTargetID = 8A56211C2315EB8000B52E60;
					};
					8A56213E2315EB8100B52E60 = {
						CreatedOnToolsVersion = 10.2.1;
						TestTargetID = 8A56211C2315EB8000B52E60;
					};
				};
			};
			buildConfigurationList = 8A5621182315EB8000B52E60 /* Build configuration list for PBXProject "ApIApp" */;
			compatibilityVersion = "Xcode 9.3";
			developmentRegion = en;
			hasScannedForEncodings = 0;
			knownRegions = (
				en,
				Base,
			);
			mainGroup = 8A5621142315EB8000B52E60;
			productRefGroup = 8A56211E2315EB8000B52E60 /* Products */;
			projectDirPath = "";
			projectRoot = "";
			targets = (
				8A56211C2315EB8000B52E60 /* ApIApp */,
				8A5621332315EB8100B52E60 /* ApIAppTests */,
				8A56213E2315EB8100B52E60 /* ApIAppUITests */,
			);
		};
/* End PBXProject section */

/* Begin PBXResourcesBuildPhase section */
		8A56211B2315EB8000B52E60 /* Resources */ = {
			isa = PBXResourcesBuildPhase;
			buildActionMask = 2147483647;
			files = (
				8A56212E2315EB8100B52E60 /* LaunchScreen.storyboard in Resources */,
				8A56212B2315EB8100B52E60 /* Assets.xcassets in Resources */,
				8A5621262315EB8000B52E60 /* Main.storyboard in Resources */,
			);
			runOnlyForDeploymentPostprocessing = 0;
		};
		8A5621322315EB8100B52E60 /* Resources */ = {
			isa = PBXResourcesBuildPhase;
			buildActionMask = 2147483647;
			files = (
			);
			runOnlyForDeploymentPostprocessing = 0;
		};
		8A56213D2315EB8100B52E60 /* Resources */ = {
			isa = PBXResourcesBuildPhase;
			buildActionMask = 2147483647;
			files = (
			);
			runOnlyForDeploymentPostprocessing = 0;
		};
/* End PBXResourcesBuildPhase section */

/* Begin PBXSourcesBuildPhase section */
		8A5621192315EB8000B52E60 /* Sources */ = {
			isa = PBXSourcesBuildPhase;
			buildActionMask = 2147483647;
			files = (
				8A5621292315EB8000B52E60 /* ApIApp.xcdatamodeld in Sources */,
				8A5621232315EB8000B52E60 /* ViewController.swift in Sources */,
				8A5621212315EB8000B52E60 /* AppDelegate.swift in Sources */,
			);
			runOnlyForDeploymentPostprocessing = 0;
		};
		8A5621302315EB8100B52E60 /* Sources */ = {
			isa = PBXSourcesBuildPhase;
			buildActionMask = 2147483647;
			files = (
				8A5621392315EB8100B52E60 /* ApIAppTests.swift in Sources */,
			);
			runOnlyForDeploymentPostprocessing = 0;
		};
		8A56213B2315EB8100B52E60 /* Sources */ = {
			isa = PBXSourcesBuildPhase;
			buildActionMask = 2147483647;
			files = (
				8A5621442315EB8100B52E60 /* ApIAppUITests.swift in Sources */,
			);
			runOnlyForDeploymentPostprocessing = 0;
		};
/* End PBXSourcesBuildPhase section */

/* Begin PBXTargetDependency section */
		8A5621362315EB8100B52E60 /* PBXTargetDependency */ = {
			isa = PBXTargetDependency;
			target = 8A56211C2315EB8000B52E60 /* ApIApp */;
			targetProxy = 8A5621352315EB8100B52E60 /* PBXContainerItemProxy */;
		};
		8A5621412315EB8100B52E60 /* PBXTargetDependency */ = {
			isa = PBXTargetDependency;
			target = 8A56211C2315EB8000B52E60 /* ApIApp */;
			targetProxy = 8A5621402315EB8100B52E60 /* PBXContainerItemProxy */;
		};
/* End PBXTargetDependency section */

/* Begin PBXVariantGroup section */
		8A5621242315EB8000B52E60 /* Main.storyboard */ = {
			isa = PBXVariantGroup;
			children = (
				8A5621252315EB8000B52E60 /* Base */,
			);
			name = Main.storyboard;
			sourceTree = "<group>";
		};
		8A56212C2315EB8100B52E60 /* LaunchScreen.storyboard */ = {
			isa = PBXVariantGroup;
			children = (
				8A56212D2315EB8100B52E60 /* Base */,
			);
			name = LaunchScreen.storyboard;
			sourceTree = "<group>";
		};
/* End PBXVariantGroup section */

/* Begin XCBuildConfiguration section */
		8A5621462315EB8100B52E60 /* Debug */ = {
			isa = XCBuildConfiguration;
			buildSettings = {
				ALWAYS_SEARCH_USER_PATHS = NO;
				CLANG_ANALYZER_NONNULL = YES;
				CLANG_ANALYZER_NUMBER_OBJECT_CONVERSION = YES_AGGRESSIVE;
				CLANG_CXX_LANGUAGE_STANDARD = "gnu++14";
				CLANG_CXX_LIBRARY = "libc++";
				CLANG_ENABLE_MODULES = YES;
				CLANG_ENABLE_OBJC_ARC = YES;
				CLANG_ENABLE_OBJC_WEAK = YES;
				CLANG_WARN_BLOCK_CAPTURE_AUTORELEASING = YES;
				CLANG_WARN_BOOL_CONVERSION = YES;
				CLANG_WARN_COMMA = YES;
				CLANG_WARN_CONSTANT_CONVERSION = YES;
				CLANG_WARN_DEPRECATED_OBJC_IMPLEMENTATIONS = YES;
				CLANG_WARN_DIRECT_OBJC_ISA_USAGE = YES_ERROR;
				CLANG_WARN_DOCUMENTATION_COMMENTS = YES;
				CLANG_WARN_EMPTY_BODY = YES;
				CLANG_WARN_ENUM_CONVERSION = YES;
				CLANG_WARN_INFINITE_RECURSION = YES;
				CLANG_WARN_INT_CONVERSION = YES;
				CLANG_WARN_NON_LITERAL_NULL_CONVERSION = YES;
				CLANG_WARN_OBJC_IMPLICIT_RETAIN_SELF = YES;
				CLANG_WARN_OBJC_LITERAL_CONVERSION = YES;
				CLANG_WARN_OBJC_ROOT_CLASS = YES_ERROR;
				CLANG_WARN_RANGE_LOOP_ANALYSIS = YES;
				CLANG_WARN_STRICT_PROTOTYPES = YES;
				CLANG_WARN_SUSPICIOUS_MOVE = YES;
				CLANG_WARN_UNGUARDED_AVAILABILITY = YES_AGGRESSIVE;
				CLANG_WARN_UNREACHABLE_CODE = YES;
				CLANG_WARN__DUPLICATE_METHOD_MATCH = YES;
				CODE_SIGN_IDENTITY = "iPhone Developer";
				COPY_PHASE_STRIP = NO;
				DEBUG_INFORMATION_FORMAT = dwarf;
				ENABLE_STRICT_OBJC_MSGSEND = YES;
				ENABLE_TESTABILITY = YES;
				GCC_C_LANGUAGE_STANDARD = gnu11;
				GCC_DYNAMIC_NO_PIC = NO;
				GCC_NO_COMMON_BLOCKS = YES;
				GCC_OPTIMIZATION_LEVEL = 0;
				GCC_PREPROCESSOR_DEFINITIONS = (
					"DEBUG=1",
					"$(inherited)",
				);
				GCC_WARN_64_TO_32_BIT_CONVERSION = YES;
				GCC_WARN_ABOUT_RETURN_TYPE = YES_ERROR;
				GCC_WARN_UNDECLARED_SELECTOR = YES;
				GCC_WARN_UNINITIALIZED_AUTOS = YES_AGGRESSIVE;
				GCC_WARN_UNUSED_FUNCTION = YES;
				GCC_WARN_UNUSED_VARIABLE = YES;
				IPHONEOS_DEPLOYMENT_TARGET = 12.2;
				MTL_ENABLE_DEBUG_INFO = INCLUDE_SOURCE;
				MTL_FAST_MATH = YES;
				ONLY_ACTIVE_ARCH = YES;
				SDKROOT = iphoneos;
				SWIFT_ACTIVE_COMPILATION_CONDITIONS = DEBUG;
				SWIFT_OPTIMIZATION_LEVEL = "-Onone";
			};
			name = Debug;
		};
		8A5621472315EB8100B52E60 /* Release */ = {
			isa = XCBuildConfiguration;
			buildSettings = {
				ALWAYS_SEARCH_USER_PATHS = NO;
				CLANG_ANALYZER_NONNULL = YES;
				CLANG_ANALYZER_NUMBER_OBJECT_CONVERSION = YES_AGGRESSIVE;
				CLANG_CXX_LANGUAGE_STANDARD = "gnu++14";
				CLANG_CXX_LIBRARY = "libc++";
				CLANG_ENABLE_MODULES = YES;
				CLANG_ENABLE_OBJC_ARC = YES;
				CLANG_ENABLE_OBJC_WEAK = YES;
				CLANG_WARN_BLOCK_CAPTURE_AUTORELEASING = YES;
				CLANG_WARN_BOOL_CONVERSION = YES;
				CLANG_WARN_COMMA = YES;
				CLANG_WARN_CONSTANT_CONVERSION = YES;
				CLANG_WARN_DEPRECATED_OBJC_IMPLEMENTATIONS = YES;
				CLANG_WARN_DIRECT_OBJC_ISA_USAGE = YES_ERROR;
				CLANG_WARN_DOCUMENTATION_COMMENTS = YES;
				CLANG_WARN_EMPTY_BODY = YES;
				CLANG_WARN_ENUM_CONVERSION = YES;
				CLANG_WARN_INFINITE_RECURSION = YES;
				CLANG_WARN_INT_CONVERSION = YES;
				CLANG_WARN_NON_LITERAL_NULL_CONVERSION = YES;
				CLANG_WARN_OBJC_IMPLICIT_RETAIN_SELF = YES;
				CLANG_WARN_OBJC_LITERAL_CONVERSION = YES;
				CLANG_WARN_OBJC_ROOT_CLASS = YES_ERROR;
				CLANG_WARN_RANGE_LOOP_ANALYSIS = YES;
				CLANG_WARN_STRICT_PROTOTYPES = YES;
				CLANG_WARN_SUSPICIOUS_MOVE = YES;
				CLANG_WARN_UNGUARDED_AVAILABILITY = YES_AGGRESSIVE;
				CLANG_WARN_UNREACHABLE_CODE = YES;
				CLANG_WARN__DUPLICATE_METHOD_MATCH = YES;
				CODE_SIGN_IDENTITY = "iPhone Developer";
				COPY_PHASE_STRIP = NO;
				DEBUG_INFORMATION_FORMAT = "dwarf-with-dsym";
				ENABLE_NS_ASSERTIONS = NO;
				ENABLE_STRICT_OBJC_MSGSEND = YES;
				GCC_C_LANGUAGE_STANDARD = gnu11;
				GCC_NO_COMMON_BLOCKS = YES;
				GCC_WARN_64_TO_32_BIT_CONVERSION = YES;
				GCC_WARN_ABOUT_RETURN_TYPE = YES_ERROR;
				GCC_WARN_UNDECLARED_SELECTOR = YES;
				GCC_WARN_UNINITIALIZED_AUTOS = YES_AGGRESSIVE;
				GCC_WARN_UNUSED_FUNCTION = YES;
				GCC_WARN_UNUSED_VARIABLE = YES;
				IPHONEOS_DEPLOYMENT_TARGET = 12.2;
				MTL_ENABLE_DEBUG_INFO = NO;
				MTL_FAST_MATH = YES;
				SDKROOT = iphoneos;
				SWIFT_COMPILATION_MODE = wholemodule;
				SWIFT_OPTIMIZATION_LEVEL = "-O";
				VALIDATE_PRODUCT = YES;
			};
			name = Release;
		};
		8A5621492315EB8100B52E60 /* Debug */ = {
			isa = XCBuildConfiguration;
			buildSettings = {
				ASSETCATALOG_COMPILER_APPICON_NAME = AppIcon;
				CODE_SIGN_STYLE = Automatic;
				INFOPLIST_FILE = ApIApp/Info.plist;
				LD_RUNPATH_SEARCH_PATHS = (
					"$(inherited)",
					"@executable_path/Frameworks",
				);
				PRODUCT_BUNDLE_IDENTIFIER = FCI.ApIApp;
				PRODUCT_NAME = "$(TARGET_NAME)";
				SWIFT_VERSION = 5.0;
				TARGETED_DEVICE_FAMILY = "1,2";
			};
			name = Debug;
		};
		8A56214A2315EB8100B52E60 /* Release */ = {
			isa = XCBuildConfiguration;
			buildSettings = {
				ASSETCATALOG_COMPILER_APPICON_NAME = AppIcon;
				CODE_SIGN_STYLE = Automatic;
				INFOPLIST_FILE = ApIApp/Info.plist;
				LD_RUNPATH_SEARCH_PATHS = (
					"$(inherited)",
					"@executable_path/Frameworks",
				);
				PRODUCT_BUNDLE_IDENTIFIER = FCI.ApIApp;
				PRODUCT_NAME = "$(TARGET_NAME)";
				SWIFT_VERSION = 5.0;
				TARGETED_DEVICE_FAMILY = "1,2";
			};
			name = Release;
		};
		8A56214C2315EB8100B52E60 /* Debug */ = {
			isa = XCBuildConfiguration;
			buildSettings = {
				ALWAYS_EMBED_SWIFT_STANDARD_LIBRARIES = YES;
				BUNDLE_LOADER = "$(TEST_HOST)";
				CODE_SIGN_STYLE = Automatic;
				INFOPLIST_FILE = ApIAppTests/Info.plist;
				LD_RUNPATH_SEARCH_PATHS = (
					"$(inherited)",
					"@executable_path/Frameworks",
					"@loader_path/Frameworks",
				);
				PRODUCT_BUNDLE_IDENTIFIER = FCI.ApIAppTests;
				PRODUCT_NAME = "$(TARGET_NAME)";
				SWIFT_VERSION = 5.0;
				TARGETED_DEVICE_FAMILY = "1,2";
				TEST_HOST = "$(BUILT_PRODUCTS_DIR)/ApIApp.app/ApIApp";
			};
			name = Debug;
		};
		8A56214D2315EB8100B52E60 /* Release */ = {
			isa = XCBuildConfiguration;
			buildSettings = {
				ALWAYS_EMBED_SWIFT_STANDARD_LIBRARIES = YES;
				BUNDLE_LOADER = "$(TEST_HOST)";
				CODE_SIGN_STYLE = Automatic;
				INFOPLIST_FILE = ApIAppTests/Info.plist;
				LD_RUNPATH_SEARCH_PATHS = (
					"$(inherited)",
					"@executable_path/Frameworks",
					"@loader_path/Frameworks",
				);
				PRODUCT_BUNDLE_IDENTIFIER = FCI.ApIAppTests;
				PRODUCT_NAME = "$(TARGET_NAME)";
				SWIFT_VERSION = 5.0;
				TARGETED_DEVICE_FAMILY = "1,2";
				TEST_HOST = "$(BUILT_PRODUCTS_DIR)/ApIApp.app/ApIApp";
			};
			name = Release;
		};
		8A56214F2315EB8100B52E60 /* Debug */ = {
			isa = XCBuildConfiguration;
			buildSettings = {
				ALWAYS_EMBED_SWIFT_STANDARD_LIBRARIES = YES;
				CODE_SIGN_STYLE = Automatic;
				INFOPLIST_FILE = ApIAppUITests/Info.plist;
				LD_RUNPATH_SEARCH_PATHS = (
					"$(inherited)",
					"@executable_path/Frameworks",
					"@loader_path/Frameworks",
				);
				PRODUCT_BUNDLE_IDENTIFIER = FCI.ApIAppUITests;
				PRODUCT_NAME = "$(TARGET_NAME)";
				SWIFT_VERSION = 5.0;
				TARGETED_DEVICE_FAMILY = "1,2";
				TEST_TARGET_NAME = ApIApp;
			};
			name = Debug;
		};
		8A5621502315EB8100B52E60 /* Release */ = {
			isa = XCBuildConfiguration;
			buildSettings = {
				ALWAYS_EMBED_SWIFT_STANDARD_LIBRARIES = YES;
				CODE_SIGN_STYLE = Automatic;
				INFOPLIST_FILE = ApIAppUITests/Info.plist;
				LD_RUNPATH_SEARCH_PATHS = (
					"$(inherited)",
					"@executable_path/Frameworks",
					"@loader_path/Frameworks",
				);
				PRODUCT_BUNDLE_IDENTIFIER = FCI.ApIAppUITests;
				PRODUCT_NAME = "$(TARGET_NAME)";
				SWIFT_VERSION = 5.0;
				TARGETED_DEVICE_FAMILY = "1,2";
				TEST_TARGET_NAME = ApIApp;
			};
			name = Release;
		};
/* End XCBuildConfiguration section */

/* Begin XCConfigurationList section */
		8A5621182315EB8000B52E60 /* Build configuration list for PBXProject "ApIApp" */ = {
			isa = XCConfigurationList;
			buildConfigurations = (
				8A5621462315EB8100B52E60 /* Debug */,
				8A5621472315EB8100B52E60 /* Release */,
			);
			defaultConfigurationIsVisible = 0;
			defaultConfigurationName = Release;
		};
		8A5621482315EB8100B52E60 /* Build configuration list for PBXNativeTarget "ApIApp" */ = {
			isa = XCConfigurationList;
			buildConfigurations = (
				8A5621492315EB8100B52E60 /* Debug */,
				8A56214A2315EB8100B52E60 /* Release */,
			);
			defaultConfigurationIsVisible = 0;
			defaultConfigurationName = Release;
		};
		8A56214B2315EB8100B52E60 /* Build configuration list for PBXNativeTarget "ApIAppTests" */ = {
			isa = XCConfigurationList;
			buildConfigurations = (
				8A56214C2315EB8100B52E60 /* Debug */,
				8A56214D2315EB8100B52E60 /* Release */,
			);
			defaultConfigurationIsVisible = 0;
			defaultConfigurationName = Release;
		};
		8A56214E2315EB8100B52E60 /* Build configuration list for PBXNativeTarget "ApIAppUITests" */ = {
			isa = XCConfigurationList;
			buildConfigurations = (
				8A56214F2315EB8100B52E60 /* Debug */,
				8A5621502315EB8100B52E60 /* Release */,
			);
			defaultConfigurationIsVisible = 0;
			defaultConfigurationName = Release;
		};
/* End XCConfigurationList section */

/* Begin XCVersionGroup section */
		8A5621272315EB8000B52E60 /* ApIApp.xcdatamodeld */ = {
			isa = XCVersionGroup;
			children = (
				8A5621282315EB8000B52E60 /* ApIApp.xcdatamodel */,
			);
			currentVersion = 8A5621282315EB8000B52E60 /* ApIApp.xcdatamodel */;
			path = ApIApp.xcdatamodeld;
			sourceTree = "<group>";
			versionGroupType = wrapper.xcdatamodel;
		};
/* End XCVersionGroup section */
	};
	rootObject = 8A5621152315EB8000B52E60 /* Project object */;
}
